
Microsoft Visual Studio Solution File, Format Version 12.00
# Visual Studio Version 17
VisualStudioVersion = 17.9.34622.214
MinimumVisualStudioVersion = 10.0.40219.1
Project("{FAE04EC0-301F-11D3-BF4B-00C04F79EFBC}") = "ExSys", "ExSys.csproj", "{58E268EC-390F-47F9-87A4-77038D1FE61E}"
EndProject
Global
	GlobalSection(SolutionConfigurationPlatforms) = preSolution
		Debug|Any CPU = Debug|Any CPU
		Release|Any CPU = Release|Any CPU
	EndGlobalSection
	GlobalSection(ProjectConfigurationPlatforms) = postSolution
		{58E268EC-390F-47F9-87A4-77038D1FE61E}.Debug|Any CPU.ActiveCfg = Debug|Any CPU
		{58E268EC-390F-47F9-87A4-77038D1FE61E}.Debug|Any CPU.Build.0 = Debug|Any CPU
		{58E268EC-390F-47F9-87A4-77038D1FE61E}.Release|Any CPU.ActiveCfg = Release|Any CPU
		{58E268EC-390F-47F9-87A4-77038D1FE61E}.Release|Any CPU.Build.0 = Release|Any CPU
	EndGlobalSection
	GlobalSection(SolutionProperties) = preSolution
		HideSolutionNode = FALSE
	EndGlobalSection
	GlobalSection(ExtensibilityGlobals) = postSolution
		SolutionGuid = {3335CC23-7963-4390-BFFC-69EB2AFF17A2}
	EndGlobalSection
EndGlobal
